<?xml version="1.0" encoding="utf-8"?>
<Project ToolsVersion="4.0" xmlns="http://schemas.microsoft.com/developer/msbuild/2003">
  <ItemGroup>
    <Filter Include="ソース ファイル">
      <UniqueIdentifier>{4FC737F1-C7A5-4376-A066-2A32D752A2FF}</UniqueIdentifier>
      <Extensions>cpp;c;cc;cxx;c++;cppm;ixx;def;odl;idl;hpj;bat;asm;asmx</Extensions>
    </Filter>
    <Filter Include="ヘッダー ファイル">
      <UniqueIdentifier>{93995380-89BD-4b04-88EB-625FBE52EBFB}</UniqueIdentifier>
      <Extensions>h;hh;hpp;hxx;h++;hm;inl;inc;ipp;xsd</Extensions>
    </Filter>
    <Filter Include="リソース ファイル">
      <UniqueIdentifier>{67DA6AB6-F800-4c08-8B7A-83BB121AAD01}</UniqueIdentifier>
      <Extensions>rc;ico;cur;bmp;dlg;rc2;rct;bin;rgs;gif;jpg;jpeg;jpe;resx;tiff;tif;png;wav;mfcribbon-ms</Extensions>
    </Filter>
    <Filter Include="ソース ファイル\system">
      <UniqueIdentifier>{c9ca1182-fb5b-4baa-a020-a4070bbe5916}</UniqueIdentifier>
    </Filter>
    <Filter Include="ソース ファイル\scenes">
      <UniqueIdentifier>{dac190eb-37dc-4b67-8f0e-8a4cb70641be}</UniqueIdentifier>
    </Filter>
    <Filter Include="ソース ファイル\scenes\game">
      <UniqueIdentifier>{7df9391c-2039-4727-a002-42392a586d82}</UniqueIdentifier>
    </Filter>
    <Filter Include="ソース ファイル\scenes\game\bullet">
      <UniqueIdentifier>{e654da1e-5cec-443e-b7fa-9d471dc5d335}</UniqueIdentifier>
    </Filter>
    <Filter Include="ソース ファイル\scenes\game\enemy">
      <UniqueIdentifier>{14a360af-5c8a-4623-9bbd-303cd0bd699a}</UniqueIdentifier>
    </Filter>
    <Filter Include="ソース ファイル\scenes\game\stage">
      <UniqueIdentifier>{1248bf91-b5c3-471a-8f16-b174b61c8591}</UniqueIdentifier>
    </Filter>
    <Filter Include="ヘッダー ファイル\scenes">
      <UniqueIdentifier>{6162d5e2-ff5f-471f-aabd-869061075226}</UniqueIdentifier>
    </Filter>
    <Filter Include="ヘッダー ファイル\scenes\game">
      <UniqueIdentifier>{df2ff1f9-bc19-47cc-a816-ff701344e355}</UniqueIdentifier>
    </Filter>
    <Filter Include="ヘッダー ファイル\scenes\game\bullet">
      <UniqueIdentifier>{66c87af4-6b7a-47f1-8ed3-3f9b7d2a4f19}</UniqueIdentifier>
    </Filter>
    <Filter Include="ヘッダー ファイル\scenes\game\enemy">
      <UniqueIdentifier>{0918fdfa-4cd2-49b2-b926-d6d0281388ba}</UniqueIdentifier>
    </Filter>
    <Filter Include="ヘッダー ファイル\scenes\game\stage">
      <UniqueIdentifier>{898dbc48-149d-4202-865e-f7f92a2e8fb8}</UniqueIdentifier>
    </Filter>
    <Filter Include="ヘッダー ファイル\system">
      <UniqueIdentifier>{af725d70-fa00-48ba-a797-1d8eeeef3163}</UniqueIdentifier>
    </Filter>
  </ItemGroup>
  <ItemGroup>
    <ClCompile Include="main.cpp">
      <Filter>ソース ファイル</Filter>
    </ClCompile>
    <ClCompile Include="eScene.cpp">
      <Filter>ソース ファイル\system</Filter>
    </ClCompile>
    <ClCompile Include="Fade.cpp">
      <Filter>ソース ファイル\system</Filter>
    </ClCompile>
    <ClCompile Include="Input.cpp">
      <Filter>ソース ファイル\system</Filter>
    </ClCompile>
    <ClCompile Include="Param.cpp">
      <Filter>ソース ファイル\system</Filter>
    </ClCompile>
    <ClCompile Include="SceneManager.cpp">
      <Filter>ソース ファイル\system</Filter>
    </ClCompile>
    <ClCompile Include="SSManager.cpp">
      <Filter>ソース ファイル\system</Filter>
    </ClCompile>
    <ClCompile Include="Bullet1.cpp">
      <Filter>ソース ファイル\scenes\game\bullet</Filter>
    </ClCompile>
    <ClCompile Include="Bullet2.cpp">
      <Filter>ソース ファイル\scenes\game\bullet</Filter>
    </ClCompile>
    <ClCompile Include="BulletBase.cpp">
      <Filter>ソース ファイル\scenes\game\bullet</Filter>
    </ClCompile>
    <ClCompile Include="BulletManager.cpp">
      <Filter>ソース ファイル\scenes\game\bullet</Filter>
    </ClCompile>
    <ClCompile Include="Ease.cpp">
      <Filter>ソース ファイル\system</Filter>
    </ClCompile>
    <ClCompile Include="Enemy1.cpp">
      <Filter>ソース ファイル\scenes\game\enemy</Filter>
    </ClCompile>
    <ClCompile Include="EnemyBase.cpp">
      <Filter>ソース ファイル\scenes\game\enemy</Filter>
    </ClCompile>
    <ClCompile Include="EnemyManager.cpp">
      <Filter>ソース ファイル\scenes\game\enemy</Filter>
    </ClCompile>
    <ClCompile Include="Stage1.cpp">
      <Filter>ソース ファイル\scenes\game\stage</Filter>
    </ClCompile>
    <ClCompile Include="StageBase.cpp">
      <Filter>ソース ファイル\scenes\game\stage</Filter>
    </ClCompile>
    <ClCompile Include="Player.cpp">
      <Filter>ソース ファイル\scenes\game</Filter>
    </ClCompile>
    <ClCompile Include="GameScene.cpp">
      <Filter>ソース ファイル\scenes\game</Filter>
    </ClCompile>
    <ClCompile Include="Object.cpp">
      <Filter>ソース ファイル\scenes\game</Filter>
    </ClCompile>
    <ClCompile Include="TitleScene.cpp">
      <Filter>ソース ファイル\scenes</Filter>
    </ClCompile>
    <ClCompile Include="Choice.cpp">
      <Filter>ソース ファイル\system</Filter>
    </ClCompile>
    <ClCompile Include="ConfigScene.cpp">
      <Filter>ソース ファイル\scenes</Filter>
    </ClCompile>
    <ClCompile Include="Stage2.cpp">
      <Filter>ソース ファイル\scenes\game\stage</Filter>
    </ClCompile>
  </ItemGroup>
  <ItemGroup>
    <ClInclude Include="Bullet1.h">
      <Filter>ヘッダー ファイル\scenes\game\bullet</Filter>
    </ClInclude>
    <ClInclude Include="Bullet2.h">
      <Filter>ヘッダー ファイル\scenes\game\bullet</Filter>
    </ClInclude>
    <ClInclude Include="BulletBase.h">
      <Filter>ヘッダー ファイル\scenes\game\bullet</Filter>
    </ClInclude>
    <ClInclude Include="BulletManager.h">
      <Filter>ヘッダー ファイル\scenes\game\bullet</Filter>
    </ClInclude>
    <ClInclude Include="Enemy1.h">
      <Filter>ヘッダー ファイル\scenes\game\enemy</Filter>
    </ClInclude>
    <ClInclude Include="EnemyBase.h">
      <Filter>ヘッダー ファイル\scenes\game\enemy</Filter>
    </ClInclude>
    <ClInclude Include="EnemyManager.h">
      <Filter>ヘッダー ファイル\scenes\game\enemy</Filter>
    </ClInclude>
    <ClInclude Include="Stage1.h">
      <Filter>ヘッダー ファイル\scenes\game\stage</Filter>
    </ClInclude>
    <ClInclude Include="StageBase.h">
      <Filter>ヘッダー ファイル\scenes\game\stage</Filter>
    </ClInclude>
    <ClInclude Include="GameScene.h">
      <Filter>ヘッダー ファイル\scenes\game</Filter>
    </ClInclude>
    <ClInclude Include="Player.h">
      <Filter>ヘッダー ファイル\scenes\game</Filter>
    </ClInclude>
    <ClInclude Include="TitleScene.h">
      <Filter>ヘッダー ファイル\scenes</Filter>
    </ClInclude>
    <ClInclude Include="Ease.h">
      <Filter>ヘッダー ファイル\system</Filter>
    </ClInclude>
    <ClInclude Include="eScene.h">
      <Filter>ヘッダー ファイル\system</Filter>
    </ClInclude>
    <ClInclude Include="Fade.h">
      <Filter>ヘッダー ファイル\system</Filter>
    </ClInclude>
    <ClInclude Include="Input.h">
      <Filter>ヘッダー ファイル\system</Filter>
    </ClInclude>
    <ClInclude Include="IOnChangedListener.h">
      <Filter>ヘッダー ファイル\system</Filter>
    </ClInclude>
    <ClInclude Include="Param.h">
      <Filter>ヘッダー ファイル\system</Filter>
    </ClInclude>
    <ClInclude Include="SceneBase.h">
      <Filter>ヘッダー ファイル\system</Filter>
    </ClInclude>
    <ClInclude Include="SceneManager.h">
      <Filter>ヘッダー ファイル\system</Filter>
    </ClInclude>
    <ClInclude Include="SSManager.h">
      <Filter>ヘッダー ファイル\system</Filter>
    </ClInclude>
    <ClInclude Include="Object.h">
      <Filter>ヘッダー ファイル\scenes\game</Filter>
    </ClInclude>
    <ClInclude Include="Vec2d.h">
      <Filter>ヘッダー ファイル\scenes\game</Filter>
    </ClInclude>
    <ClInclude Include="Choice.h">
      <Filter>ヘッダー ファイル\system</Filter>
    </ClInclude>
    <ClInclude Include="ConfigScene.h">
      <Filter>ヘッダー ファイル\scenes</Filter>
    </ClInclude>
    <ClInclude Include="Stage2.h">
      <Filter>ヘッダー ファイル\scenes\game\stage</Filter>
    </ClInclude>
  </ItemGroup>
</Project>