<?xml version="1.0" encoding="utf-8"?>
<Project ToolsVersion="4.0" xmlns="http://schemas.microsoft.com/developer/msbuild/2003">
  <ItemGroup>
    <Filter Include="ソース ファイル">
      <UniqueIdentifier>{4FC737F1-C7A5-4376-A066-2A32D752A2FF}</UniqueIdentifier>
      <Extensions>cpp;c;cc;cxx;c++;cppm;ixx;def;odl;idl;hpj;bat;asm;asmx</Extensions>
    </Filter>
    <Filter Include="ヘッダー ファイル">
      <UniqueIdentifier>{93995380-89BD-4b04-88EB-625FBE52EBFB}</UniqueIdentifier>
      <Extensions>h;hh;hpp;hxx;h++;hm;inl;inc;ipp;xsd</Extensions>
    </Filter>
    <Filter Include="リソース ファイル">
      <UniqueIdentifier>{67DA6AB6-F800-4c08-8B7A-83BB121AAD01}</UniqueIdentifier>
      <Extensions>rc;ico;cur;bmp;dlg;rc2;rct;bin;rgs;gif;jpg;jpeg;jpe;resx;tiff;tif;png;wav;mfcribbon-ms</Extensions>
    </Filter>
    <Filter Include="ソース ファイル\system">
      <UniqueIdentifier>{3063248f-2ecc-45ea-8031-38c2d7ddd9ed}</UniqueIdentifier>
    </Filter>
    <Filter Include="ヘッダー ファイル\system">
      <UniqueIdentifier>{c5f8af6e-17e1-4e30-ba2c-af93ef139776}</UniqueIdentifier>
    </Filter>
    <Filter Include="ソース ファイル\scenes">
      <UniqueIdentifier>{dde4a9c5-a5b3-4fd8-82b5-df35335e4649}</UniqueIdentifier>
    </Filter>
    <Filter Include="ヘッダー ファイル\scenes">
      <UniqueIdentifier>{f9337e39-cdcd-4e4f-bfcf-0625ef20c655}</UniqueIdentifier>
    </Filter>
    <Filter Include="ソース ファイル\scenes\game">
      <UniqueIdentifier>{cec0bf71-cb7f-436d-b900-9fd94263b35e}</UniqueIdentifier>
    </Filter>
    <Filter Include="ヘッダー ファイル\scenes\game">
      <UniqueIdentifier>{e683c950-07db-4395-af13-ea802f09853b}</UniqueIdentifier>
    </Filter>
    <Filter Include="ソース ファイル\scenes\game\enemy">
      <UniqueIdentifier>{25b3cd52-9677-4dd1-a056-14ef21c15096}</UniqueIdentifier>
    </Filter>
    <Filter Include="ヘッダー ファイル\scenes\game\Stage">
      <UniqueIdentifier>{97eccb8f-33b8-4815-87e8-73dde3f80246}</UniqueIdentifier>
    </Filter>
    <Filter Include="ソース ファイル\scenes\game\Stage">
      <UniqueIdentifier>{ced4f86b-3787-401b-8c44-b0baa291cf42}</UniqueIdentifier>
    </Filter>
    <Filter Include="ソース ファイル\scenes\game\Bullet">
      <UniqueIdentifier>{5429d149-b833-4780-89bd-0811a0c6b30a}</UniqueIdentifier>
    </Filter>
    <Filter Include="ヘッダー ファイル\scenes\game\Bullet">
      <UniqueIdentifier>{9a26d9ee-b537-497d-a3cf-c0c98d103b5b}</UniqueIdentifier>
    </Filter>
    <Filter Include="ヘッダー ファイル\scenes\game\Enemy">
      <UniqueIdentifier>{e7394827-6a2b-4b3e-bfab-69523d74deab}</UniqueIdentifier>
    </Filter>
  </ItemGroup>
  <ItemGroup>
    <ClCompile Include="main.cpp">
      <Filter>ソース ファイル</Filter>
    </ClCompile>
    <ClCompile Include="Ease.cpp">
      <Filter>ソース ファイル\system</Filter>
    </ClCompile>
    <ClCompile Include="eScene.cpp">
      <Filter>ソース ファイル\system</Filter>
    </ClCompile>
    <ClCompile Include="Fade.cpp">
      <Filter>ソース ファイル\system</Filter>
    </ClCompile>
    <ClCompile Include="Input.cpp">
      <Filter>ソース ファイル\system</Filter>
    </ClCompile>
    <ClCompile Include="SceneManager.cpp">
      <Filter>ソース ファイル\system</Filter>
    </ClCompile>
    <ClCompile Include="SSManager.cpp">
      <Filter>ソース ファイル\system</Filter>
    </ClCompile>
    <ClCompile Include="TitleScene.cpp">
      <Filter>ソース ファイル\scenes</Filter>
    </ClCompile>
    <ClCompile Include="Param.cpp">
      <Filter>ソース ファイル\scenes</Filter>
    </ClCompile>
    <ClCompile Include="GameScene.cpp">
      <Filter>ソース ファイル\scenes\game</Filter>
    </ClCompile>
    <ClCompile Include="Player.cpp">
      <Filter>ソース ファイル\scenes\game</Filter>
    </ClCompile>
    <ClCompile Include="Object.cpp">
      <Filter>ソース ファイル\scenes\game</Filter>
    </ClCompile>
    <ClCompile Include="EnemyBase.cpp">
      <Filter>ソース ファイル\scenes\game\enemy</Filter>
    </ClCompile>
    <ClCompile Include="StageBase.cpp">
      <Filter>ソース ファイル\scenes\game\Stage</Filter>
    </ClCompile>
    <ClCompile Include="EnemyManager.cpp">
      <Filter>ソース ファイル\scenes\game\enemy</Filter>
    </ClCompile>
    <ClCompile Include="BulletManager.cpp">
      <Filter>ソース ファイル\scenes\game\Bullet</Filter>
    </ClCompile>
    <ClCompile Include="Stage1.cpp">
      <Filter>ソース ファイル\scenes\game\Stage</Filter>
    </ClCompile>
    <ClCompile Include="Enemy1.cpp">
      <Filter>ソース ファイル\scenes\game\enemy</Filter>
    </ClCompile>
    <ClCompile Include="Bullet1.cpp">
      <Filter>ソース ファイル\scenes\game\Bullet</Filter>
    </ClCompile>
    <ClCompile Include="BulletBase.cpp">
      <Filter>ソース ファイル\scenes\game\Bullet</Filter>
    </ClCompile>
    <ClCompile Include="Bullet2.cpp">
      <Filter>ソース ファイル\scenes\game\Bullet</Filter>
    </ClCompile>
  </ItemGroup>
  <ItemGroup>
    <None Include="test.lua">
      <Filter>ソース ファイル</Filter>
    </None>
  </ItemGroup>
  <ItemGroup>
    <ClInclude Include="Ease.h">
      <Filter>ヘッダー ファイル\system</Filter>
    </ClInclude>
    <ClInclude Include="eScene.h">
      <Filter>ヘッダー ファイル\system</Filter>
    </ClInclude>
    <ClInclude Include="Fade.h">
      <Filter>ヘッダー ファイル\system</Filter>
    </ClInclude>
    <ClInclude Include="Input.h">
      <Filter>ヘッダー ファイル\system</Filter>
    </ClInclude>
    <ClInclude Include="IOnChangedListener.h">
      <Filter>ヘッダー ファイル\system</Filter>
    </ClInclude>
    <ClInclude Include="SceneManager.h">
      <Filter>ヘッダー ファイル\system</Filter>
    </ClInclude>
    <ClInclude Include="SSManager.h">
      <Filter>ヘッダー ファイル\system</Filter>
    </ClInclude>
    <ClInclude Include="SceneBase.h">
      <Filter>ヘッダー ファイル\scenes</Filter>
    </ClInclude>
    <ClInclude Include="TitleScene.h">
      <Filter>ヘッダー ファイル\scenes</Filter>
    </ClInclude>
    <ClInclude Include="Param.h">
      <Filter>ヘッダー ファイル\scenes</Filter>
    </ClInclude>
    <ClInclude Include="GameScene.h">
      <Filter>ヘッダー ファイル\scenes\game</Filter>
    </ClInclude>
    <ClInclude Include="Player.h">
      <Filter>ヘッダー ファイル\scenes\game</Filter>
    </ClInclude>
    <ClInclude Include="Object.h">
      <Filter>ヘッダー ファイル\scenes\game</Filter>
    </ClInclude>
    <ClInclude Include="Vec2d.h">
      <Filter>ヘッダー ファイル\scenes\game</Filter>
    </ClInclude>
    <ClInclude Include="EnemyBase.h">
      <Filter>ヘッダー ファイル\scenes\game\Enemy</Filter>
    </ClInclude>
    <ClInclude Include="StageBase.h">
      <Filter>ヘッダー ファイル\scenes\game\Stage</Filter>
    </ClInclude>
    <ClInclude Include="EnemyManager.h">
      <Filter>ヘッダー ファイル\scenes\game\Enemy</Filter>
    </ClInclude>
    <ClInclude Include="BulletManager.h">
      <Filter>ヘッダー ファイル\scenes\game\Bullet</Filter>
    </ClInclude>
    <ClInclude Include="Stage1.h">
      <Filter>ヘッダー ファイル\scenes\game\Stage</Filter>
    </ClInclude>
    <ClInclude Include="Enemy1.h">
      <Filter>ヘッダー ファイル\scenes\game\Enemy</Filter>
    </ClInclude>
    <ClInclude Include="Bullet1.h">
      <Filter>ヘッダー ファイル\scenes\game\Bullet</Filter>
    </ClInclude>
    <ClInclude Include="BulletBase.h">
      <Filter>ヘッダー ファイル\scenes\game\Bullet</Filter>
    </ClInclude>
    <ClInclude Include="Bullet2.h">
      <Filter>ヘッダー ファイル\scenes\game\Bullet</Filter>
    </ClInclude>
  </ItemGroup>
</Project>